
Microsoft Visual Studio Solution File, Format Version 12.00
# Visual Studio Version 17
VisualStudioVersion = 17.1.32328.378
MinimumVisualStudioVersion = 10.0.40219.1
Project("{FAE04EC0-301F-11D3-BF4B-00C04F79EFBC}") = "Capstone", "Capstone.csproj", "{5AACEA86-AA02-4C63-8524-564F1276E021}"
EndProject
Global
	GlobalSection(SolutionConfigurationPlatforms) = preSolution
		Debug|Any CPU = Debug|Any CPU
		Release|Any CPU = Release|Any CPU
	EndGlobalSection
	GlobalSection(ProjectConfigurationPlatforms) = postSolution
		{5AACEA86-AA02-4C63-8524-564F1276E021}.Debug|Any CPU.ActiveCfg = Debug|Any CPU
		{5AACEA86-AA02-4C63-8524-564F1276E021}.Debug|Any CPU.Build.0 = Debug|Any CPU
		{5AACEA86-AA02-4C63-8524-564F1276E021}.Release|Any CPU.ActiveCfg = Release|Any CPU
		{5AACEA86-AA02-4C63-8524-564F1276E021}.Release|Any CPU.Build.0 = Release|Any CPU
	EndGlobalSection
	GlobalSection(SolutionProperties) = preSolution
		HideSolutionNode = FALSE
	EndGlobalSection
	GlobalSection(ExtensibilityGlobals) = postSolution
		SolutionGuid = {E03B3AA2-03C4-4899-A60C-9DE05FB7824C}
	EndGlobalSection
EndGlobal
